
Microsoft Visual Studio Solution File, Format Version 12.00
# Visual Studio 15
VisualStudioVersion = 15.0.28307.1500
MinimumVisualStudioVersion = 10.0.40219.1
Project("{8BC9CEB8-8B4A-11D0-8D11-00A0C91BC942}") = "Binary_Tree", "Binary_Tree\Binary_Tree.vcxproj", "{BD299120-52F7-4C90-BB2B-E200E8112009}"
EndProject
Global
	GlobalSection(SolutionConfigurationPlatforms) = preSolution
		Debug|x64 = Debug|x64
		Debug|x86 = Debug|x86
		Release|x64 = Release|x64
		Release|x86 = Release|x86
	EndGlobalSection
	GlobalSection(ProjectConfigurationPlatforms) = postSolution
		{BD299120-52F7-4C90-BB2B-E200E8112009}.Debug|x64.ActiveCfg = Debug|x64
		{BD299120-52F7-4C90-BB2B-E200E8112009}.Debug|x64.Build.0 = Debug|x64
		{BD299120-52F7-4C90-BB2B-E200E8112009}.Debug|x86.ActiveCfg = Debug|Win32
		{BD299120-52F7-4C90-BB2B-E200E8112009}.Debug|x86.Build.0 = Debug|Win32
		{BD299120-52F7-4C90-BB2B-E200E8112009}.Release|x64.ActiveCfg = Release|x64
		{BD299120-52F7-4C90-BB2B-E200E8112009}.Release|x64.Build.0 = Release|x64
		{BD299120-52F7-4C90-BB2B-E200E8112009}.Release|x86.ActiveCfg = Release|Win32
		{BD299120-52F7-4C90-BB2B-E200E8112009}.Release|x86.Build.0 = Release|Win32
	EndGlobalSection
	GlobalSection(SolutionProperties) = preSolution
		HideSolutionNode = FALSE
	EndGlobalSection
	GlobalSection(ExtensibilityGlobals) = postSolution
		SolutionGuid = {DB8C03BE-0124-404D-89C1-7AA1F328D976}
	EndGlobalSection
EndGlobal
